
Microsoft Visual Studio Solution File, Format Version 12.00
# Visual Studio 2015
Project("{FAE04EC0-301F-11D3-BF4B-00C04F79EFBC}") = "CardboardProcGen.CSharp", "CardboardProcGen.CSharp.csproj", "{5C946F6A-5D1B-C1E8-6680-36483DB20674}"
EndProject
Project("{FAE04EC0-301F-11D3-BF4B-00C04F79EFBC}") = "CardboardProcGen.CSharp.Editor", "CardboardProcGen.CSharp.Editor.csproj", "{31E5594A-AF40-E356-3CD0-4CD383287FD4}"
EndProject
Global
	GlobalSection(SolutionConfigurationPlatforms) = preSolution
		Debug|Any CPU = Debug|Any CPU
		Release|Any CPU = Release|Any CPU
	EndGlobalSection
	GlobalSection(ProjectConfigurationPlatforms) = postSolution
		{5C946F6A-5D1B-C1E8-6680-36483DB20674}.Debug|Any CPU.ActiveCfg = Debug|Any CPU
		{5C946F6A-5D1B-C1E8-6680-36483DB20674}.Debug|Any CPU.Build.0 = Debug|Any CPU
		{5C946F6A-5D1B-C1E8-6680-36483DB20674}.Release|Any CPU.ActiveCfg = Release|Any CPU
		{5C946F6A-5D1B-C1E8-6680-36483DB20674}.Release|Any CPU.Build.0 = Release|Any CPU
		{31E5594A-AF40-E356-3CD0-4CD383287FD4}.Debug|Any CPU.ActiveCfg = Debug|Any CPU
		{31E5594A-AF40-E356-3CD0-4CD383287FD4}.Debug|Any CPU.Build.0 = Debug|Any CPU
		{31E5594A-AF40-E356-3CD0-4CD383287FD4}.Release|Any CPU.ActiveCfg = Release|Any CPU
		{31E5594A-AF40-E356-3CD0-4CD383287FD4}.Release|Any CPU.Build.0 = Release|Any CPU
	EndGlobalSection
	GlobalSection(SolutionProperties) = preSolution
		HideSolutionNode = FALSE
	EndGlobalSection
EndGlobal
