Microsoft Visual Studio Solution File, Format Version 11.00
# Visual Studio 2008

Project("{86A4AFF8-B8A1-A01A-0583-C4415D3D39B8}") = "ProcGen", "Assembly-CSharp.csproj", "{39EC7A08-22B2-5FB6-1D4F-0BB2E81527FB}"
EndProject
Project("{86A4AFF8-B8A1-A01A-0583-C4415D3D39B8}") = "ProcGen", "Assembly-CSharp-Editor.csproj", "{550A8FAD-F05D-3A67-CAB5-87E431F03137}"
EndProject
Global
	GlobalSection(SolutionConfigurationPlatforms) = preSolution
		Debug|Any CPU = Debug|Any CPU
		Release|Any CPU = Release|Any CPU
	EndGlobalSection
	GlobalSection(ProjectConfigurationPlatforms) = postSolution
		{39EC7A08-22B2-5FB6-1D4F-0BB2E81527FB}.Debug|Any CPU.ActiveCfg = Debug|Any CPU
		{39EC7A08-22B2-5FB6-1D4F-0BB2E81527FB}.Debug|Any CPU.Build.0 = Debug|Any CPU
		{39EC7A08-22B2-5FB6-1D4F-0BB2E81527FB}.Release|Any CPU.ActiveCfg = Release|Any CPU
		{39EC7A08-22B2-5FB6-1D4F-0BB2E81527FB}.Release|Any CPU.Build.0 = Release|Any CPU
		{550A8FAD-F05D-3A67-CAB5-87E431F03137}.Debug|Any CPU.ActiveCfg = Debug|Any CPU
		{550A8FAD-F05D-3A67-CAB5-87E431F03137}.Debug|Any CPU.Build.0 = Debug|Any CPU
		{550A8FAD-F05D-3A67-CAB5-87E431F03137}.Release|Any CPU.ActiveCfg = Release|Any CPU
		{550A8FAD-F05D-3A67-CAB5-87E431F03137}.Release|Any CPU.Build.0 = Release|Any CPU
	EndGlobalSection
	GlobalSection(SolutionProperties) = preSolution
		HideSolutionNode = FALSE
	EndGlobalSection
	GlobalSection(MonoDevelopProperties) = preSolution
		StartupItem = Assembly-CSharp.csproj
	EndGlobalSection
EndGlobal
